
Microsoft Visual Studio Solution File, Format Version 12.00
# Visual Studio Version 17
VisualStudioVersion = 17.5.33424.131
MinimumVisualStudioVersion = 10.0.40219.1
Project("{FAE04EC0-301F-11D3-BF4B-00C04F79EFBC}") = "OOP_2_console", "OOP_2_console.csproj", "{3451B202-ED0D-4845-AB16-B1440DF3F81F}"
EndProject
Global
	GlobalSection(SolutionConfigurationPlatforms) = preSolution
		Debug|Any CPU = Debug|Any CPU
		Release|Any CPU = Release|Any CPU
	EndGlobalSection
	GlobalSection(ProjectConfigurationPlatforms) = postSolution
		{3451B202-ED0D-4845-AB16-B1440DF3F81F}.Debug|Any CPU.ActiveCfg = Debug|Any CPU
		{3451B202-ED0D-4845-AB16-B1440DF3F81F}.Debug|Any CPU.Build.0 = Debug|Any CPU
		{3451B202-ED0D-4845-AB16-B1440DF3F81F}.Release|Any CPU.ActiveCfg = Release|Any CPU
		{3451B202-ED0D-4845-AB16-B1440DF3F81F}.Release|Any CPU.Build.0 = Release|Any CPU
	EndGlobalSection
	GlobalSection(SolutionProperties) = preSolution
		HideSolutionNode = FALSE
	EndGlobalSection
	GlobalSection(ExtensibilityGlobals) = postSolution
		SolutionGuid = {60D30DC0-7C16-431F-9EBD-F91F3F3C67B2}
	EndGlobalSection
EndGlobal
